dependencies:
  espressif/cmake_utilities:
    component_hash: 
      351350613ceafba240b761b4ea991e0f231ac7a9f59a9ee901f751bddc0bb18f
    dependencies:
    - name: idf
      require: private
      version: '>=4.1'
    source:
      registry_url: https://components.espressif.com
      type: service
    version: 0.5.3
  espressif/esp_modem:
    component_hash: 
      40af7f39c6c8c0c85c98014721fca8d9d2186f18f70645c66b94548192cf1e03
    dependencies:
    - name: idf
      require: private
      version: '>=4.1'
    source:
      registry_url: https://components.espressif.com
      type: service
    version: 1.4.2
  espressif/esp_modem_usb_dte:
    component_hash: 
      49f66a3bd49202e36168cf092a1dc453548d488e8f4560ac7e7d21802583e8a7
    dependencies:
    - name: espressif/esp_modem
      registry_url: https://components.espressif.com
      require: private
      version: '>=0.1.28,<2.0.0'
    - name: espressif/usb_host_cdc_acm
      registry_url: https://components.espressif.com
      require: private
      version: 2.*
    - name: idf
      require: private
      version: '>=4.4'
    source:
      registry_url: https://components.espressif.com
      type: service
    version: 1.2.1
  espressif/esp_tinyusb:
    component_hash: 
      6a50305bc61c7a361da8c0833642be824e92dacb0a6001719a832a4e96e471bf
    dependencies:
    - name: idf
      require: private
      version: '>=5.0'
    - name: espressif/tinyusb
      registry_url: https://components.espressif.com
      require: public
      version: '>=0.14.2'
    source:
      registry_url: https://components.espressif.com
      type: service
    version: 1.7.6~2
  espressif/iot_bridge:
    component_hash: 
      3e76bec97bb82596162249f30951f30daf67ddc5a6d1a625eadcbdd9528a8fb6
    dependencies:
    - name: espressif/cmake_utilities
      registry_url: https://components.espressif.com
      require: private
      version: 0.*
    - name: espressif/esp_modem
      registry_url: https://components.espressif.com
      require: private
      rules:
      - if: target not in [esp32s2, esp32s3]
      version: 1.*
    - name: espressif/esp_modem_usb_dte
      registry_url: https://components.espressif.com
      require: private
      rules:
      - if: target in [esp32s2, esp32s3]
      version: 1.*
    - name: espressif/esp_tinyusb
      registry_url: https://components.espressif.com
      require: private
      rules:
      - if: target in [esp32s2, esp32s3]
      - if: idf_version >=5.1.4
      version: 1.*
    - name: idf
      require: private
      version: '>=5.0'
    source:
      registry_url: https://components.espressif.com
      type: service
    version: 1.0.1
  espressif/mesh_lite:
    component_hash: 
      3a19dbc45a795d9625ac8e3bc54189c51c36a72b5c12ba3ba8081ed71a0bbfac
    dependencies:
    - name: espressif/cmake_utilities
      registry_url: https://components.espressif.com
      require: private
      version: 0.*
    - name: espressif/iot_bridge
      registry_url: https://components.espressif.com
      require: private
      version: 1.0.1
    - name: espressif/qrcode
      registry_url: https://components.espressif.com
      require: private
      version: ^0.1.0
    - name: idf
      require: private
      version: '>=5.0'
    source:
      registry_url: https://components.espressif.com/
      type: service
    version: 1.0.2
  espressif/qrcode:
    component_hash: 
      3b493771bc5d6ad30cbf87c25bf784aada8a08c941504355b55d6b75518ed7bc
    dependencies: []
    source:
      registry_url: https://components.espressif.com
      type: service
    version: 0.1.0~2
  espressif/tinyusb:
    component_hash: 
      7fa5016d792d8e4025a8352b4fd4af7c124947647037e9d2449c9e0b47fdf663
    dependencies:
    - name: idf
      require: private
      version: '>=5.0'
    source:
      registry_url: https://components.espressif.com
      type: service
    targets:
    - esp32s2
    - esp32s3
    - esp32p4
    - esp32h4
    version: 0.18.0~6
  espressif/usb_host_cdc_acm:
    component_hash: 
      0ca1a47f3b568ad539f2db7938aaa2a64f3017bd50a5ee9b410d2f9d7425ecef
    dependencies:
    - name: idf
      require: private
      version: '>=4.4'
    - name: espressif/usb
      registry_url: https://components.espressif.com
      require: public
      rules:
      - if: idf_version >=6.0
      - if: target not in ["linux"]
      version: ^1.0.0
    source:
      registry_url: https://components.espressif.com
      type: service
    targets:
    - esp32s2
    - esp32s3
    - esp32p4
    - esp32h4
    - linux
    version: 2.1.1
  idf:
    source:
      type: idf
    version: 5.5.0
direct_dependencies:
- espressif/mesh_lite
- idf
manifest_hash: 8a57c78c6a83337e3099eb182a01d644bd0c75ec96321fe94abdd825fcb84d12
target: esp32s3
version: 2.0.0
